
Microsoft Visual Studio Solution File, Format Version 12.00
# Visual Studio 14
VisualStudioVersion = 14.0.25420.1
MinimumVisualStudioVersion = 10.0.40219.1
Project("{FAE04EC0-301F-11D3-BF4B-00C04F79EFBC}") = "BlinkingLED", "BlinkingLED\BlinkingLED.csproj", "{F6441259-FF29-4580-A532-65DCEDF0B979}"
EndProject
Project("{FAE04EC0-301F-11D3-BF4B-00C04F79EFBC}") = "PushButton", "PushButton\PushButton.csproj", "{10A73A6A-2940-4F4C-8A38-ABFF3C9DF8AD}"
EndProject
Project("{FAE04EC0-301F-11D3-BF4B-00C04F79EFBC}") = "SenseHAT", "SenseHAT\SenseHAT.csproj", "{7B16B85C-5F62-4E79-8DC6-EA6005B2EA70}"
EndProject
Project("{2150E333-8FDC-42A3-9474-1A3956D46DE8}") = "CircuitDiagram", "CircuitDiagram", "{A5E367ED-46C9-406C-A5CA-090B57E695AB}"
	ProjectSection(SolutionItems) = preProject
		..\..\..\Desktop\IoT\BlinkingLED.png = ..\..\..\Desktop\IoT\BlinkingLED.png
		..\..\..\Desktop\IoT\PushButton.png = ..\..\..\Desktop\IoT\PushButton.png
		..\..\..\Desktop\IoT\RP23_Pinout.png = ..\..\..\Desktop\IoT\RP23_Pinout.png
	EndProjectSection
EndProject
Global
	GlobalSection(SolutionConfigurationPlatforms) = preSolution
		Debug|Any CPU = Debug|Any CPU
		Debug|ARM = Debug|ARM
		Debug|x64 = Debug|x64
		Debug|x86 = Debug|x86
		Release|Any CPU = Release|Any CPU
		Release|ARM = Release|ARM
		Release|x64 = Release|x64
		Release|x86 = Release|x86
	EndGlobalSection
	GlobalSection(ProjectConfigurationPlatforms) = postSolution
		{F6441259-FF29-4580-A532-65DCEDF0B979}.Debug|Any CPU.ActiveCfg = Debug|x86
		{F6441259-FF29-4580-A532-65DCEDF0B979}.Debug|ARM.ActiveCfg = Debug|ARM
		{F6441259-FF29-4580-A532-65DCEDF0B979}.Debug|ARM.Build.0 = Debug|ARM
		{F6441259-FF29-4580-A532-65DCEDF0B979}.Debug|ARM.Deploy.0 = Debug|ARM
		{F6441259-FF29-4580-A532-65DCEDF0B979}.Debug|x64.ActiveCfg = Debug|x64
		{F6441259-FF29-4580-A532-65DCEDF0B979}.Debug|x64.Build.0 = Debug|x64
		{F6441259-FF29-4580-A532-65DCEDF0B979}.Debug|x64.Deploy.0 = Debug|x64
		{F6441259-FF29-4580-A532-65DCEDF0B979}.Debug|x86.ActiveCfg = Debug|x86
		{F6441259-FF29-4580-A532-65DCEDF0B979}.Debug|x86.Build.0 = Debug|x86
		{F6441259-FF29-4580-A532-65DCEDF0B979}.Debug|x86.Deploy.0 = Debug|x86
		{F6441259-FF29-4580-A532-65DCEDF0B979}.Release|Any CPU.ActiveCfg = Release|x86
		{F6441259-FF29-4580-A532-65DCEDF0B979}.Release|ARM.ActiveCfg = Release|ARM
		{F6441259-FF29-4580-A532-65DCEDF0B979}.Release|ARM.Build.0 = Release|ARM
		{F6441259-FF29-4580-A532-65DCEDF0B979}.Release|ARM.Deploy.0 = Release|ARM
		{F6441259-FF29-4580-A532-65DCEDF0B979}.Release|x64.ActiveCfg = Release|x64
		{F6441259-FF29-4580-A532-65DCEDF0B979}.Release|x64.Build.0 = Release|x64
		{F6441259-FF29-4580-A532-65DCEDF0B979}.Release|x64.Deploy.0 = Release|x64
		{F6441259-FF29-4580-A532-65DCEDF0B979}.Release|x86.ActiveCfg = Release|x86
		{F6441259-FF29-4580-A532-65DCEDF0B979}.Release|x86.Build.0 = Release|x86
		{F6441259-FF29-4580-A532-65DCEDF0B979}.Release|x86.Deploy.0 = Release|x86
		{10A73A6A-2940-4F4C-8A38-ABFF3C9DF8AD}.Debug|Any CPU.ActiveCfg = Debug|x86
		{10A73A6A-2940-4F4C-8A38-ABFF3C9DF8AD}.Debug|ARM.ActiveCfg = Debug|ARM
		{10A73A6A-2940-4F4C-8A38-ABFF3C9DF8AD}.Debug|ARM.Build.0 = Debug|ARM
		{10A73A6A-2940-4F4C-8A38-ABFF3C9DF8AD}.Debug|ARM.Deploy.0 = Debug|ARM
		{10A73A6A-2940-4F4C-8A38-ABFF3C9DF8AD}.Debug|x64.ActiveCfg = Debug|x64
		{10A73A6A-2940-4F4C-8A38-ABFF3C9DF8AD}.Debug|x64.Build.0 = Debug|x64
		{10A73A6A-2940-4F4C-8A38-ABFF3C9DF8AD}.Debug|x64.Deploy.0 = Debug|x64
		{10A73A6A-2940-4F4C-8A38-ABFF3C9DF8AD}.Debug|x86.ActiveCfg = Debug|x86
		{10A73A6A-2940-4F4C-8A38-ABFF3C9DF8AD}.Debug|x86.Build.0 = Debug|x86
		{10A73A6A-2940-4F4C-8A38-ABFF3C9DF8AD}.Debug|x86.Deploy.0 = Debug|x86
		{10A73A6A-2940-4F4C-8A38-ABFF3C9DF8AD}.Release|Any CPU.ActiveCfg = Release|x86
		{10A73A6A-2940-4F4C-8A38-ABFF3C9DF8AD}.Release|ARM.ActiveCfg = Release|ARM
		{10A73A6A-2940-4F4C-8A38-ABFF3C9DF8AD}.Release|ARM.Build.0 = Release|ARM
		{10A73A6A-2940-4F4C-8A38-ABFF3C9DF8AD}.Release|ARM.Deploy.0 = Release|ARM
		{10A73A6A-2940-4F4C-8A38-ABFF3C9DF8AD}.Release|x64.ActiveCfg = Release|x64
		{10A73A6A-2940-4F4C-8A38-ABFF3C9DF8AD}.Release|x64.Build.0 = Release|x64
		{10A73A6A-2940-4F4C-8A38-ABFF3C9DF8AD}.Release|x64.Deploy.0 = Release|x64
		{10A73A6A-2940-4F4C-8A38-ABFF3C9DF8AD}.Release|x86.ActiveCfg = Release|x86
		{10A73A6A-2940-4F4C-8A38-ABFF3C9DF8AD}.Release|x86.Build.0 = Release|x86
		{10A73A6A-2940-4F4C-8A38-ABFF3C9DF8AD}.Release|x86.Deploy.0 = Release|x86
		{7B16B85C-5F62-4E79-8DC6-EA6005B2EA70}.Debug|Any CPU.ActiveCfg = Debug|x86
		{7B16B85C-5F62-4E79-8DC6-EA6005B2EA70}.Debug|ARM.ActiveCfg = Debug|ARM
		{7B16B85C-5F62-4E79-8DC6-EA6005B2EA70}.Debug|ARM.Build.0 = Debug|ARM
		{7B16B85C-5F62-4E79-8DC6-EA6005B2EA70}.Debug|ARM.Deploy.0 = Debug|ARM
		{7B16B85C-5F62-4E79-8DC6-EA6005B2EA70}.Debug|x64.ActiveCfg = Debug|x64
		{7B16B85C-5F62-4E79-8DC6-EA6005B2EA70}.Debug|x64.Build.0 = Debug|x64
		{7B16B85C-5F62-4E79-8DC6-EA6005B2EA70}.Debug|x64.Deploy.0 = Debug|x64
		{7B16B85C-5F62-4E79-8DC6-EA6005B2EA70}.Debug|x86.ActiveCfg = Debug|x86
		{7B16B85C-5F62-4E79-8DC6-EA6005B2EA70}.Debug|x86.Build.0 = Debug|x86
		{7B16B85C-5F62-4E79-8DC6-EA6005B2EA70}.Debug|x86.Deploy.0 = Debug|x86
		{7B16B85C-5F62-4E79-8DC6-EA6005B2EA70}.Release|Any CPU.ActiveCfg = Release|x86
		{7B16B85C-5F62-4E79-8DC6-EA6005B2EA70}.Release|ARM.ActiveCfg = Release|ARM
		{7B16B85C-5F62-4E79-8DC6-EA6005B2EA70}.Release|ARM.Build.0 = Release|ARM
		{7B16B85C-5F62-4E79-8DC6-EA6005B2EA70}.Release|ARM.Deploy.0 = Release|ARM
		{7B16B85C-5F62-4E79-8DC6-EA6005B2EA70}.Release|x64.ActiveCfg = Release|x64
		{7B16B85C-5F62-4E79-8DC6-EA6005B2EA70}.Release|x64.Build.0 = Release|x64
		{7B16B85C-5F62-4E79-8DC6-EA6005B2EA70}.Release|x64.Deploy.0 = Release|x64
		{7B16B85C-5F62-4E79-8DC6-EA6005B2EA70}.Release|x86.ActiveCfg = Release|x86
		{7B16B85C-5F62-4E79-8DC6-EA6005B2EA70}.Release|x86.Build.0 = Release|x86
		{7B16B85C-5F62-4E79-8DC6-EA6005B2EA70}.Release|x86.Deploy.0 = Release|x86
	EndGlobalSection
	GlobalSection(SolutionProperties) = preSolution
		HideSolutionNode = FALSE
	EndGlobalSection
EndGlobal
